
Microsoft Visual Studio Solution File, Format Version 12.00
# Visual Studio Version 17
VisualStudioVersion = 17.2.32616.157
MinimumVisualStudioVersion = 10.0.40219.1
Project("{FAE04EC0-301F-11D3-BF4B-00C04F79EFBC}") = "Bookstore.Api", "Bookstore.Api\Bookstore.Api.csproj", "{1B345438-8CF7-4CB0-B387-8046EDDF6A99}"
EndProject
Project("{FAE04EC0-301F-11D3-BF4B-00C04F79EFBC}") = "Bookstore.Models", "Bookstore.Models\Bookstore.Models.csproj", "{ECEB8674-A855-42C2-B7BA-938B25ADA704}"
EndProject
Project("{FAE04EC0-301F-11D3-BF4B-00C04F79EFBC}") = "Bookstore.Repository", "Bookstore.Repository\Bookstore.Repository.csproj", "{38280743-AAB1-41A4-AB22-21BC4AEBF1C1}"
EndProject
Global
	GlobalSection(SolutionConfigurationPlatforms) = preSolution
		Debug|Any CPU = Debug|Any CPU
		Release|Any CPU = Release|Any CPU
	EndGlobalSection
	GlobalSection(ProjectConfigurationPlatforms) = postSolution
		{1B345438-8CF7-4CB0-B387-8046EDDF6A99}.Debug|Any CPU.ActiveCfg = Debug|Any CPU
		{1B345438-8CF7-4CB0-B387-8046EDDF6A99}.Debug|Any CPU.Build.0 = Debug|Any CPU
		{1B345438-8CF7-4CB0-B387-8046EDDF6A99}.Release|Any CPU.ActiveCfg = Release|Any CPU
		{1B345438-8CF7-4CB0-B387-8046EDDF6A99}.Release|Any CPU.Build.0 = Release|Any CPU
		{ECEB8674-A855-42C2-B7BA-938B25ADA704}.Debug|Any CPU.ActiveCfg = Debug|Any CPU
		{ECEB8674-A855-42C2-B7BA-938B25ADA704}.Debug|Any CPU.Build.0 = Debug|Any CPU
		{ECEB8674-A855-42C2-B7BA-938B25ADA704}.Release|Any CPU.ActiveCfg = Release|Any CPU
		{ECEB8674-A855-42C2-B7BA-938B25ADA704}.Release|Any CPU.Build.0 = Release|Any CPU
		{38280743-AAB1-41A4-AB22-21BC4AEBF1C1}.Debug|Any CPU.ActiveCfg = Debug|Any CPU
		{38280743-AAB1-41A4-AB22-21BC4AEBF1C1}.Debug|Any CPU.Build.0 = Debug|Any CPU
		{38280743-AAB1-41A4-AB22-21BC4AEBF1C1}.Release|Any CPU.ActiveCfg = Release|Any CPU
		{38280743-AAB1-41A4-AB22-21BC4AEBF1C1}.Release|Any CPU.Build.0 = Release|Any CPU
	EndGlobalSection
	GlobalSection(SolutionProperties) = preSolution
		HideSolutionNode = FALSE
	EndGlobalSection
	GlobalSection(ExtensibilityGlobals) = postSolution
		SolutionGuid = {DBB3C2D8-9231-4C95-92B3-1AD644C5858B}
	EndGlobalSection
EndGlobal
